
Microsoft Visual Studio Solution File, Format Version 12.00
# Visual Studio Version 17
VisualStudioVersion = 17.3.32922.545
MinimumVisualStudioVersion = 10.0.40219.1
Project("{9A19103F-16F7-4668-BE54-9A1E7A4F7556}") = "ConsoleApp1", "ConsoleApp1\ConsoleApp1.csproj", "{999447D9-9964-4A0C-ACEB-B0CD749B610B}"
EndProject
Project("{FAE04EC0-301F-11D3-BF4B-00C04F79EFBC}") = "ConsoleApp1Tests", "ConsoleApp1Tests\ConsoleApp1Tests.csproj", "{3B57967C-93AD-44CB-AF0C-19CA7F78D4A2}"
EndProject
Global
	GlobalSection(SolutionConfigurationPlatforms) = preSolution
		Debug|Any CPU = Debug|Any CPU
		Release|Any CPU = Release|Any CPU
	EndGlobalSection
	GlobalSection(ProjectConfigurationPlatforms) = postSolution
		{999447D9-9964-4A0C-ACEB-B0CD749B610B}.Debug|Any CPU.ActiveCfg = Debug|Any CPU
		{999447D9-9964-4A0C-ACEB-B0CD749B610B}.Debug|Any CPU.Build.0 = Debug|Any CPU
		{999447D9-9964-4A0C-ACEB-B0CD749B610B}.Release|Any CPU.ActiveCfg = Release|Any CPU
		{999447D9-9964-4A0C-ACEB-B0CD749B610B}.Release|Any CPU.Build.0 = Release|Any CPU
		{3B57967C-93AD-44CB-AF0C-19CA7F78D4A2}.Debug|Any CPU.ActiveCfg = Debug|Any CPU
		{3B57967C-93AD-44CB-AF0C-19CA7F78D4A2}.Debug|Any CPU.Build.0 = Debug|Any CPU
		{3B57967C-93AD-44CB-AF0C-19CA7F78D4A2}.Release|Any CPU.ActiveCfg = Release|Any CPU
		{3B57967C-93AD-44CB-AF0C-19CA7F78D4A2}.Release|Any CPU.Build.0 = Release|Any CPU
	EndGlobalSection
	GlobalSection(SolutionProperties) = preSolution
		HideSolutionNode = FALSE
	EndGlobalSection
	GlobalSection(ExtensibilityGlobals) = postSolution
		SolutionGuid = {05B9A9F3-E7FE-4568-9F51-2CC3F4A20FC4}
	EndGlobalSection
EndGlobal
